<?xml version="1.0" encoding="utf-8"?>
<Project ToolsVersion="4.0" xmlns="http://schemas.microsoft.com/developer/msbuild/2003">
  <ItemGroup>
    <Filter Include="Source Files">
      <UniqueIdentifier>{cd11eddd-e250-4341-993d-fa5015d3cd42}</UniqueIdentifier>
      <Extensions>cpp;c;cxx;rc;def;r;odl;idl;hpj;bat</Extensions>
    </Filter>
    <Filter Include="Header Files">
      <UniqueIdentifier>{dccc9fa0-8bf3-4645-9d4e-c87cdad84b52}</UniqueIdentifier>
      <Extensions>h;hpp;hxx;hm;inl</Extensions>
    </Filter>
    <Filter Include="Resource Files">
      <UniqueIdentifier>{cd7b9d70-aacf-4999-8496-a1da1af150a1}</UniqueIdentifier>
      <Extensions>ico;cur;bmp;dlg;rc2;rct;bin;rgs;gif;jpg;jpeg;jpe</Extensions>
    </Filter>
  </ItemGroup>
  <ItemGroup>
    <ClCompile Include="NovelViewer10.cpp">
      <Filter>Source Files</Filter>
    </ClCompile>
    <ClCompile Include="NovelViewer10Dlg.cpp">
      <Filter>Source Files</Filter>
    </ClCompile>
    <ClCompile Include="NovelViewerCore.cpp">
      <Filter>Source Files</Filter>
    </ClCompile>
    <ClCompile Include="NovelViewerEdit.cpp">
      <Filter>Source Files</Filter>
    </ClCompile>
    <ClCompile Include="NovelViewerFind.cpp">
      <Filter>Source Files</Filter>
    </ClCompile>
    <ClCompile Include="NovelViewerSetting.cpp">
      <Filter>Source Files</Filter>
    </ClCompile>
    <ClCompile Include="StdAfx.cpp">
      <Filter>Source Files</Filter>
    </ClCompile>
    <ClCompile Include="NovelViewerD3DX.cpp">
      <Filter>Source Files</Filter>
    </ClCompile>
  </ItemGroup>
  <ItemGroup>
    <ResourceCompile Include="NovelViewer10.rc">
      <Filter>Source Files</Filter>
    </ResourceCompile>
  </ItemGroup>
  <ItemGroup>
    <ClInclude Include="NovelViewer10.h">
      <Filter>Header Files</Filter>
    </ClInclude>
    <ClInclude Include="NovelViewer10Dlg.h">
      <Filter>Header Files</Filter>
    </ClInclude>
    <ClInclude Include="NovelViewerCore.h">
      <Filter>Header Files</Filter>
    </ClInclude>
    <ClInclude Include="NovelViewerEdit.h">
      <Filter>Header Files</Filter>
    </ClInclude>
    <ClInclude Include="NovelViewerFind.h">
      <Filter>Header Files</Filter>
    </ClInclude>
    <ClInclude Include="NovelViewerSetting.h">
      <Filter>Header Files</Filter>
    </ClInclude>
    <ClInclude Include="Resource.h">
      <Filter>Header Files</Filter>
    </ClInclude>
    <ClInclude Include="StdAfx.h">
      <Filter>Header Files</Filter>
    </ClInclude>
    <ClInclude Include="NovelViewerD3DX.h">
      <Filter>Header Files</Filter>
    </ClInclude>
  </ItemGroup>
  <ItemGroup>
    <CustomBuild Include="res\NovelViewer10.ico">
      <Filter>Resource Files</Filter>
    </CustomBuild>
    <CustomBuild Include="res\NovelViewer10.rc2">
      <Filter>Resource Files</Filter>
    </CustomBuild>
    <CustomBuild Include="ReadMe.txt" />
  </ItemGroup>
</Project>